// !$*UTF8*$!
{
	archiveVersion = 1;
	classes = {
	};
	objectVersion = 46;
	objects = {

/* Begin PBXBuildFile section */
		97282EE01F4328080058B1DE /* ImageScrollView.swift in Sources */ = {isa = PBXBuildFile; fileRef = 97282EDF1F4328080058B1DE /* ImageScrollView.swift */; };
		97282EE21F4328450058B1DE /* ImagePickerViewController.swift in Sources */ = {isa = PBXBuildFile; fileRef = 97282EE11F4328450058B1DE /* ImagePickerViewController.swift */; };
		973E7C041F442916001237D3 /* ImagePickerControls.swift in Sources */ = {isa = PBXBuildFile; fileRef = 973E7C031F442916001237D3 /* ImagePickerControls.swift */; };
		973E7C061F4429D8001237D3 /* ImagePickerOptions.swift in Sources */ = {isa = PBXBuildFile; fileRef = 973E7C051F4429D8001237D3 /* ImagePickerOptions.swift */; };
		973E7C081F4442E5001237D3 /* ImagePickerViewControllerExtension.swift in Sources */ = {isa = PBXBuildFile; fileRef = 973E7C071F4442E5001237D3 /* ImagePickerViewControllerExtension.swift */; };
		974209B61F3AA45B004BFA95 /* UIImageColors.swift in Sources */ = {isa = PBXBuildFile; fileRef = 974209B51F3AA45B004BFA95 /* UIImageColors.swift */; };
		9752F0221F36E4D500D9272C /* AppDelegate.swift in Sources */ = {isa = PBXBuildFile; fileRef = 9752F0211F36E4D500D9272C /* AppDelegate.swift */; };
		9752F0241F36E4D500D9272C /* ViewController.swift in Sources */ = {isa = PBXBuildFile; fileRef = 9752F0231F36E4D500D9272C /* ViewController.swift */; };
		9752F0291F36E4D500D9272C /* Assets.xcassets in Resources */ = {isa = PBXBuildFile; fileRef = 9752F0281F36E4D500D9272C /* Assets.xcassets */; };
		9752F0371F36E4D500D9272C /* LazyColorsTests.swift in Sources */ = {isa = PBXBuildFile; fileRef = 9752F0361F36E4D500D9272C /* LazyColorsTests.swift */; };
		9752F0421F36E4D500D9272C /* LazyColorsUITests.swift in Sources */ = {isa = PBXBuildFile; fileRef = 9752F0411F36E4D500D9272C /* LazyColorsUITests.swift */; };
		9766F17D1F3F843B005A9637 /* ntc.js in Resources */ = {isa = PBXBuildFile; fileRef = 9766F17C1F3F843B005A9637 /* ntc.js */; };
		977AF40C1F40A5D2007E591D /* ColorCollectionView.swift in Sources */ = {isa = PBXBuildFile; fileRef = 977AF40B1F40A5D2007E591D /* ColorCollectionView.swift */; };
		977AF40E1F40A74F007E591D /* ViewControllerExtension.swift in Sources */ = {isa = PBXBuildFile; fileRef = 977AF40D1F40A74F007E591D /* ViewControllerExtension.swift */; };
		977AF4101F40A88F007E591D /* SingleColorCell.swift in Sources */ = {isa = PBXBuildFile; fileRef = 977AF40F1F40A88F007E591D /* SingleColorCell.swift */; };
		977AF4131F40EC4F007E591D /* ColorCollectionViewHelper.swift in Sources */ = {isa = PBXBuildFile; fileRef = 977AF4121F40EC4F007E591D /* ColorCollectionViewHelper.swift */; };
		977AF4551F410513007E591D /* Proxima Nova Bold.otf in Resources */ = {isa = PBXBuildFile; fileRef = 977AF4541F410513007E591D /* Proxima Nova Bold.otf */; };
		977F30171F3BF52000AE1901 /* Main.storyboard in Resources */ = {isa = PBXBuildFile; fileRef = 977F30161F3BF52000AE1901 /* Main.storyboard */; };
		977F30181F3BF55900AE1901 /* CoreData.framework in Frameworks */ = {isa = PBXBuildFile; fileRef = 977F30101F3BF32D00AE1901 /* CoreData.framework */; };
		977F301B1F3BF59B00AE1901 /* AppModel.xcdatamodeld in Sources */ = {isa = PBXBuildFile; fileRef = 977F30191F3BF59B00AE1901 /* AppModel.xcdatamodeld */; };
		977F30221F3BF75600AE1901 /* Color+CoreDataClass.swift in Sources */ = {isa = PBXBuildFile; fileRef = 977F30201F3BF75600AE1901 /* Color+CoreDataClass.swift */; };
		977F30231F3BF75600AE1901 /* Color+CoreDataProperties.swift in Sources */ = {isa = PBXBuildFile; fileRef = 977F30211F3BF75600AE1901 /* Color+CoreDataProperties.swift */; };
		97889C951F403D9B0028B8D6 /* Proxima Nova Regular.otf in Resources */ = {isa = PBXBuildFile; fileRef = 97889C941F403D9B0028B8D6 /* Proxima Nova Regular.otf */; };
		97B1073C1F37AA3500E36CF8 /* PreviewController.swift in Sources */ = {isa = PBXBuildFile; fileRef = 97B1073B1F37AA3500E36CF8 /* PreviewController.swift */; };
		97B1073E1F37B47A00E36CF8 /* CameraControlsOverlay.swift in Sources */ = {isa = PBXBuildFile; fileRef = 97B1073D1F37B47A00E36CF8 /* CameraControlsOverlay.swift */; };
		97B107531F3808F500E36CF8 /* Extensions.swift in Sources */ = {isa = PBXBuildFile; fileRef = 97B107521F3808F500E36CF8 /* Extensions.swift */; };
		97B107551F38153D00E36CF8 /* CameraControlsFooter.swift in Sources */ = {isa = PBXBuildFile; fileRef = 97B107541F38153D00E36CF8 /* CameraControlsFooter.swift */; };
		97B107571F38154C00E36CF8 /* CameraControlsHeader.swift in Sources */ = {isa = PBXBuildFile; fileRef = 97B107561F38154C00E36CF8 /* CameraControlsHeader.swift */; };
		97B107591F38226600E36CF8 /* BaseCell.swift in Sources */ = {isa = PBXBuildFile; fileRef = 97B107581F38226600E36CF8 /* BaseCell.swift */; };
		97B1075B1F38233100E36CF8 /* CameraControlsFooterCell.swift in Sources */ = {isa = PBXBuildFile; fileRef = 97B1075A1F38233100E36CF8 /* CameraControlsFooterCell.swift */; };
		97B1075D1F38281700E36CF8 /* CameraControlsHeaderCell.swift in Sources */ = {isa = PBXBuildFile; fileRef = 97B1075C1F38281700E36CF8 /* CameraControlsHeaderCell.swift */; };
		97C66F691F3D2D0700FB8C56 /* ColorDifference.swift in Sources */ = {isa = PBXBuildFile; fileRef = 97C66F681F3D2D0700FB8C56 /* ColorDifference.swift */; };
		97C66F751F3D2D2300FB8C56 /* ColorSpaceConversion.m in Sources */ = {isa = PBXBuildFile; fileRef = 97C66F6C1F3D2D2300FB8C56 /* ColorSpaceConversion.m */; };
		97C66F761F3D2D2300FB8C56 /* DominantColors.swift in Sources */ = {isa = PBXBuildFile; fileRef = 97C66F6E1F3D2D2300FB8C56 /* DominantColors.swift */; };
		97C66F771F3D2D2300FB8C56 /* INVector3.m in Sources */ = {isa = PBXBuildFile; fileRef = 97C66F701F3D2D2300FB8C56 /* INVector3.m */; };
		97C66F781F3D2D2300FB8C56 /* INVector3SwiftExtensions.swift in Sources */ = {isa = PBXBuildFile; fileRef = 97C66F711F3D2D2300FB8C56 /* INVector3SwiftExtensions.swift */; };
		97C66F791F3D2D2300FB8C56 /* KMeans.swift in Sources */ = {isa = PBXBuildFile; fileRef = 97C66F721F3D2D2300FB8C56 /* KMeans.swift */; };
		97C66F7A1F3D2D2300FB8C56 /* Memoization.swift in Sources */ = {isa = PBXBuildFile; fileRef = 97C66F731F3D2D2300FB8C56 /* Memoization.swift */; };
		97C66F7B1F3D2D2300FB8C56 /* PlatformExtensions.swift in Sources */ = {isa = PBXBuildFile; fileRef = 97C66F741F3D2D2300FB8C56 /* PlatformExtensions.swift */; };
		97EC46E91F4026C3001EA9CC /* ColorNameContainer.swift in Sources */ = {isa = PBXBuildFile; fileRef = 97EC46E81F4026C3001EA9CC /* ColorNameContainer.swift */; };
		97FCF7541F3C1DA40003DADD /* ColorProcessor.swift in Sources */ = {isa = PBXBuildFile; fileRef = 97FCF7531F3C1DA40003DADD /* ColorProcessor.swift */; };
/* End PBXBuildFile section */

/* Begin PBXContainerItemProxy section */
		9752F0331F36E4D500D9272C /* PBXContainerItemProxy */ = {
			isa = PBXContainerItemProxy;
			containerPortal = 9752F0161F36E4D500D9272C /* Project object */;
			proxyType = 1;
			remoteGlobalIDString = 9752F01D1F36E4D500D9272C;
			remoteInfo = LazyColors;
		};
		9752F03E1F36E4D500D9272C /* PBXContainerItemProxy */ = {
			isa = PBXContainerItemProxy;
			containerPortal = 9752F0161F36E4D500D9272C /* Project object */;
			proxyType = 1;
			remoteGlobalIDString = 9752F01D1F36E4D500D9272C;
			remoteInfo = LazyColors;
		};
/* End PBXContainerItemProxy section */

/* Begin PBXFileReference section */
		97282EDF1F4328080058B1DE /* ImageScrollView.swift */ = {isa = PBXFileReference; fileEncoding = 4; lastKnownFileType = sourcecode.swift; path = ImageScrollView.swift; sourceTree = "<group>"; };
		97282EE11F4328450058B1DE /* ImagePickerViewController.swift */ = {isa = PBXFileReference; fileEncoding = 4; lastKnownFileType = sourcecode.swift; path = ImagePickerViewController.swift; sourceTree = "<group>"; };
		973E7C031F442916001237D3 /* ImagePickerControls.swift */ = {isa = PBXFileReference; fileEncoding = 4; lastKnownFileType = sourcecode.swift; path = ImagePickerControls.swift; sourceTree = "<group>"; };
		973E7C051F4429D8001237D3 /* ImagePickerOptions.swift */ = {isa = PBXFileReference; fileEncoding = 4; lastKnownFileType = sourcecode.swift; path = ImagePickerOptions.swift; sourceTree = "<group>"; };
		973E7C071F4442E5001237D3 /* ImagePickerViewControllerExtension.swift */ = {isa = PBXFileReference; fileEncoding = 4; lastKnownFileType = sourcecode.swift; path = ImagePickerViewControllerExtension.swift; sourceTree = "<group>"; };
		974209B51F3AA45B004BFA95 /* UIImageColors.swift */ = {isa = PBXFileReference; fileEncoding = 4; lastKnownFileType = sourcecode.swift; path = UIImageColors.swift; sourceTree = "<group>"; };
		9752F01E1F36E4D500D9272C /* LazyColors.app */ = {isa = PBXFileReference; explicitFileType = wrapper.application; includeInIndex = 0; path = LazyColors.app; sourceTree = BUILT_PRODUCTS_DIR; };
		9752F0211F36E4D500D9272C /* AppDelegate.swift */ = {isa = PBXFileReference; lastKnownFileType = sourcecode.swift; path = AppDelegate.swift; sourceTree = "<group>"; };
		9752F0231F36E4D500D9272C /* ViewController.swift */ = {isa = PBXFileReference; lastKnownFileType = sourcecode.swift; path = ViewController.swift; sourceTree = "<group>"; };
		9752F0281F36E4D500D9272C /* Assets.xcassets */ = {isa = PBXFileReference; lastKnownFileType = folder.assetcatalog; path = Assets.xcassets; sourceTree = "<group>"; };
		9752F02D1F36E4D500D9272C /* Info.plist */ = {isa = PBXFileReference; lastKnownFileType = text.plist.xml; path = Info.plist; sourceTree = "<group>"; };
		9752F0321F36E4D500D9272C /* LazyColorsTests.xctest */ = {isa = PBXFileReference; explicitFileType = wrapper.cfbundle; includeInIndex = 0; path = LazyColorsTests.xctest; sourceTree = BUILT_PRODUCTS_DIR; };
		9752F0361F36E4D500D9272C /* LazyColorsTests.swift */ = {isa = PBXFileReference; lastKnownFileType = sourcecode.swift; path = LazyColorsTests.swift; sourceTree = "<group>"; };
		9752F0381F36E4D500D9272C /* Info.plist */ = {isa = PBXFileReference; lastKnownFileType = text.plist.xml; path = Info.plist; sourceTree = "<group>"; };
		9752F03D1F36E4D500D9272C /* LazyColorsUITests.xctest */ = {isa = PBXFileReference; explicitFileType = wrapper.cfbundle; includeInIndex = 0; path = LazyColorsUITests.xctest; sourceTree = BUILT_PRODUCTS_DIR; };
		9752F0411F36E4D500D9272C /* LazyColorsUITests.swift */ = {isa = PBXFileReference; lastKnownFileType = sourcecode.swift; path = LazyColorsUITests.swift; sourceTree = "<group>"; };
		9752F0431F36E4D500D9272C /* Info.plist */ = {isa = PBXFileReference; lastKnownFileType = text.plist.xml; path = Info.plist; sourceTree = "<group>"; };
		9766F17C1F3F843B005A9637 /* ntc.js */ = {isa = PBXFileReference; fileEncoding = 4; lastKnownFileType = sourcecode.javascript; path = ntc.js; sourceTree = "<group>"; };
		977AF40B1F40A5D2007E591D /* ColorCollectionView.swift */ = {isa = PBXFileReference; fileEncoding = 4; lastKnownFileType = sourcecode.swift; path = ColorCollectionView.swift; sourceTree = "<group>"; };
		977AF40D1F40A74F007E591D /* ViewControllerExtension.swift */ = {isa = PBXFileReference; fileEncoding = 4; lastKnownFileType = sourcecode.swift; path = ViewControllerExtension.swift; sourceTree = "<group>"; };
		977AF40F1F40A88F007E591D /* SingleColorCell.swift */ = {isa = PBXFileReference; fileEncoding = 4; lastKnownFileType = sourcecode.swift; path = SingleColorCell.swift; sourceTree = "<group>"; };
		977AF4121F40EC4F007E591D /* ColorCollectionViewHelper.swift */ = {isa = PBXFileReference; fileEncoding = 4; lastKnownFileType = sourcecode.swift; path = ColorCollectionViewHelper.swift; sourceTree = "<group>"; };
		977AF4541F410513007E591D /* Proxima Nova Bold.otf */ = {isa = PBXFileReference; lastKnownFileType = file; name = "Proxima Nova Bold.otf"; path = "../../../../../Desktop/ProximaNova/Proxima Nova Bold.otf"; sourceTree = "<group>"; };
		977F30101F3BF32D00AE1901 /* CoreData.framework */ = {isa = PBXFileReference; lastKnownFileType = wrapper.framework; name = CoreData.framework; path = System/Library/Frameworks/CoreData.framework; sourceTree = SDKROOT; };
		977F30161F3BF52000AE1901 /* Main.storyboard */ = {isa = PBXFileReference; fileEncoding = 4; lastKnownFileType = file.storyboard; path = Main.storyboard; sourceTree = "<group>"; };
		977F301A1F3BF59B00AE1901 /* AppModel.xcdatamodel */ = {isa = PBXFileReference; lastKnownFileType = wrapper.xcdatamodel; path = AppModel.xcdatamodel; sourceTree = "<group>"; };
		977F30201F3BF75600AE1901 /* Color+CoreDataClass.swift */ = {isa = PBXFileReference; fileEncoding = 4; lastKnownFileType = sourcecode.swift; path = "Color+CoreDataClass.swift"; sourceTree = "<group>"; };
		977F30211F3BF75600AE1901 /* Color+CoreDataProperties.swift */ = {isa = PBXFileReference; fileEncoding = 4; lastKnownFileType = sourcecode.swift; path = "Color+CoreDataProperties.swift"; sourceTree = "<group>"; };
		97889C941F403D9B0028B8D6 /* Proxima Nova Regular.otf */ = {isa = PBXFileReference; lastKnownFileType = file; path = "Proxima Nova Regular.otf"; sourceTree = "<group>"; };
		97B1073B1F37AA3500E36CF8 /* PreviewController.swift */ = {isa = PBXFileReference; fileEncoding = 4; lastKnownFileType = sourcecode.swift; path = PreviewController.swift; sourceTree = "<group>"; };
		97B1073D1F37B47A00E36CF8 /* CameraControlsOverlay.swift */ = {isa = PBXFileReference; fileEncoding = 4; lastKnownFileType = sourcecode.swift; path = CameraControlsOverlay.swift; sourceTree = "<group>"; };
		97B107521F3808F500E36CF8 /* Extensions.swift */ = {isa = PBXFileReference; fileEncoding = 4; lastKnownFileType = sourcecode.swift; path = Extensions.swift; sourceTree = "<group>"; };
		97B107541F38153D00E36CF8 /* CameraControlsFooter.swift */ = {isa = PBXFileReference; fileEncoding = 4; lastKnownFileType = sourcecode.swift; path = CameraControlsFooter.swift; sourceTree = "<group>"; };
		97B107561F38154C00E36CF8 /* CameraControlsHeader.swift */ = {isa = PBXFileReference; fileEncoding = 4; lastKnownFileType = sourcecode.swift; path = CameraControlsHeader.swift; sourceTree = "<group>"; };
		97B107581F38226600E36CF8 /* BaseCell.swift */ = {isa = PBXFileReference; fileEncoding = 4; lastKnownFileType = sourcecode.swift; path = BaseCell.swift; sourceTree = "<group>"; };
		97B1075A1F38233100E36CF8 /* CameraControlsFooterCell.swift */ = {isa = PBXFileReference; fileEncoding = 4; lastKnownFileType = sourcecode.swift; path = CameraControlsFooterCell.swift; sourceTree = "<group>"; };
		97B1075C1F38281700E36CF8 /* CameraControlsHeaderCell.swift */ = {isa = PBXFileReference; fileEncoding = 4; lastKnownFileType = sourcecode.swift; path = CameraControlsHeaderCell.swift; sourceTree = "<group>"; };
		97C66F681F3D2D0700FB8C56 /* ColorDifference.swift */ = {isa = PBXFileReference; fileEncoding = 4; lastKnownFileType = sourcecode.swift; path = ColorDifference.swift; sourceTree = "<group>"; };
		97C66F6A1F3D2D2300FB8C56 /* LazyColors-Bridging-Header.h */ = {isa = PBXFileReference; lastKnownFileType = sourcecode.c.h; path = "LazyColors-Bridging-Header.h"; sourceTree = "<group>"; };
		97C66F6B1F3D2D2300FB8C56 /* ColorSpaceConversion.h */ = {isa = PBXFileReference; fileEncoding = 4; lastKnownFileType = sourcecode.c.h; path = ColorSpaceConversion.h; sourceTree = "<group>"; };
		97C66F6C1F3D2D2300FB8C56 /* ColorSpaceConversion.m */ = {isa = PBXFileReference; fileEncoding = 4; lastKnownFileType = sourcecode.c.objc; path = ColorSpaceConversion.m; sourceTree = "<group>"; };
		97C66F6D1F3D2D2300FB8C56 /* DominantColor.h */ = {isa = PBXFileReference; fileEncoding = 4; lastKnownFileType = sourcecode.c.h; path = DominantColor.h; sourceTree = "<group>"; };
		97C66F6E1F3D2D2300FB8C56 /* DominantColors.swift */ = {isa = PBXFileReference; fileEncoding = 4; lastKnownFileType = sourcecode.swift; path = DominantColors.swift; sourceTree = "<group>"; };
		97C66F6F1F3D2D2300FB8C56 /* INVector3.h */ = {isa = PBXFileReference; fileEncoding = 4; lastKnownFileType = sourcecode.c.h; path = INVector3.h; sourceTree = "<group>"; };
		97C66F701F3D2D2300FB8C56 /* INVector3.m */ = {isa = PBXFileReference; fileEncoding = 4; lastKnownFileType = sourcecode.c.objc; path = INVector3.m; sourceTree = "<group>"; };
		97C66F711F3D2D2300FB8C56 /* INVector3SwiftExtensions.swift */ = {isa = PBXFileReference; fileEncoding = 4; lastKnownFileType = sourcecode.swift; path = INVector3SwiftExtensions.swift; sourceTree = "<group>"; };
		97C66F721F3D2D2300FB8C56 /* KMeans.swift */ = {isa = PBXFileReference; fileEncoding = 4; lastKnownFileType = sourcecode.swift; path = KMeans.swift; sourceTree = "<group>"; };
		97C66F731F3D2D2300FB8C56 /* Memoization.swift */ = {isa = PBXFileReference; fileEncoding = 4; lastKnownFileType = sourcecode.swift; path = Memoization.swift; sourceTree = "<group>"; };
		97C66F741F3D2D2300FB8C56 /* PlatformExtensions.swift */ = {isa = PBXFileReference; fileEncoding = 4; lastKnownFileType = sourcecode.swift; path = PlatformExtensions.swift; sourceTree = "<group>"; };
		97EC46E81F4026C3001EA9CC /* ColorNameContainer.swift */ = {isa = PBXFileReference; fileEncoding = 4; lastKnownFileType = sourcecode.swift; path = ColorNameContainer.swift; sourceTree = "<group>"; };
		97FCF7531F3C1DA40003DADD /* ColorProcessor.swift */ = {isa = PBXFileReference; fileEncoding = 4; lastKnownFileType = sourcecode.swift; path = ColorProcessor.swift; sourceTree = "<group>"; };
/* End PBXFileReference section */

/* Begin PBXFrameworksBuildPhase section */
		9752F01B1F36E4D500D9272C /* Frameworks */ = {
			isa = PBXFrameworksBuildPhase;
			buildActionMask = 2147483647;
			files = (
				977F30181F3BF55900AE1901 /* CoreData.framework in Frameworks */,
			);
			runOnlyForDeploymentPostprocessing = 0;
		};
		9752F02F1F36E4D500D9272C /* Frameworks */ = {
			isa = PBXFrameworksBuildPhase;
			buildActionMask = 2147483647;
			files = (
			);
			runOnlyForDeploymentPostprocessing = 0;
		};
		9752F03A1F36E4D500D9272C /* Frameworks */ = {
			isa = PBXFrameworksBuildPhase;
			buildActionMask = 2147483647;
			files = (
			);
			runOnlyForDeploymentPostprocessing = 0;
		};
/* End PBXFrameworksBuildPhase section */

/* Begin PBXGroup section */
		973E7C021F442847001237D3 /* ImagePicker */ = {
			isa = PBXGroup;
			children = (
				97282EDF1F4328080058B1DE /* ImageScrollView.swift */,
				973E7C031F442916001237D3 /* ImagePickerControls.swift */,
				973E7C051F4429D8001237D3 /* ImagePickerOptions.swift */,
			);
			name = ImagePicker;
			sourceTree = "<group>";
		};
		9752F0151F36E4D500D9272C = {
			isa = PBXGroup;
			children = (
				9752F0201F36E4D500D9272C /* LazyColors */,
				9752F0351F36E4D500D9272C /* LazyColorsTests */,
				9752F0401F36E4D500D9272C /* LazyColorsUITests */,
				9752F01F1F36E4D500D9272C /* Products */,
				977F300F1F3BF32D00AE1901 /* Frameworks */,
			);
			sourceTree = "<group>";
		};
		9752F01F1F36E4D500D9272C /* Products */ = {
			isa = PBXGroup;
			children = (
				9752F01E1F36E4D500D9272C /* LazyColors.app */,
				9752F0321F36E4D500D9272C /* LazyColorsTests.xctest */,
				9752F03D1F36E4D500D9272C /* LazyColorsUITests.xctest */,
			);
			name = Products;
			sourceTree = "<group>";
		};
		9752F0201F36E4D500D9272C /* LazyColors */ = {
			isa = PBXGroup;
			children = (
				97EC46EA1F403666001EA9CC /* Resources */,
				97C66F671F3D2CDD00FB8C56 /* DominantColor */,
				97B107381F379F4600E36CF8 /* Model */,
				97B107391F379F5100E36CF8 /* View */,
				97B1073A1F379F5600E36CF8 /* Controller */,
				97B107511F3808D900E36CF8 /* Utils */,
				9752F0211F36E4D500D9272C /* AppDelegate.swift */,
				9752F0281F36E4D500D9272C /* Assets.xcassets */,
				9752F02D1F36E4D500D9272C /* Info.plist */,
				977F30161F3BF52000AE1901 /* Main.storyboard */,
			);
			path = LazyColors;
			sourceTree = "<group>";
		};
		9752F0351F36E4D500D9272C /* LazyColorsTests */ = {
			isa = PBXGroup;
			children = (
				9752F0361F36E4D500D9272C /* LazyColorsTests.swift */,
				9752F0381F36E4D500D9272C /* Info.plist */,
			);
			path = LazyColorsTests;
			sourceTree = "<group>";
		};
		9752F0401F36E4D500D9272C /* LazyColorsUITests */ = {
			isa = PBXGroup;
			children = (
				9752F0411F36E4D500D9272C /* LazyColorsUITests.swift */,
				9752F0431F36E4D500D9272C /* Info.plist */,
			);
			path = LazyColorsUITests;
			sourceTree = "<group>";
		};
		977AF4111F40B513007E591D /* ColorsList */ = {
			isa = PBXGroup;
			children = (
				977AF40B1F40A5D2007E591D /* ColorCollectionView.swift */,
				977AF40F1F40A88F007E591D /* SingleColorCell.swift */,
				977AF4121F40EC4F007E591D /* ColorCollectionViewHelper.swift */,
			);
			name = ColorsList;
			sourceTree = "<group>";
		};
		977F300F1F3BF32D00AE1901 /* Frameworks */ = {
			isa = PBXGroup;
			children = (
				977F30101F3BF32D00AE1901 /* CoreData.framework */,
			);
			name = Frameworks;
			sourceTree = "<group>";
		};
		97B107381F379F4600E36CF8 /* Model */ = {
			isa = PBXGroup;
			children = (
				977F30191F3BF59B00AE1901 /* AppModel.xcdatamodeld */,
				977F30201F3BF75600AE1901 /* Color+CoreDataClass.swift */,
				977F30211F3BF75600AE1901 /* Color+CoreDataProperties.swift */,
			);
			name = Model;
			sourceTree = "<group>";
		};
		97B107391F379F5100E36CF8 /* View */ = {
			isa = PBXGroup;
			children = (
				97B1073D1F37B47A00E36CF8 /* CameraControlsOverlay.swift */,
				97B107541F38153D00E36CF8 /* CameraControlsFooter.swift */,
				97B107561F38154C00E36CF8 /* CameraControlsHeader.swift */,
				97B107581F38226600E36CF8 /* BaseCell.swift */,
				97B1075A1F38233100E36CF8 /* CameraControlsFooterCell.swift */,
				97B1075C1F38281700E36CF8 /* CameraControlsHeaderCell.swift */,
				97EC46E81F4026C3001EA9CC /* ColorNameContainer.swift */,
				977AF4111F40B513007E591D /* ColorsList */,
				973E7C021F442847001237D3 /* ImagePicker */,
			);
			name = View;
			sourceTree = "<group>";
		};
		97B1073A1F379F5600E36CF8 /* Controller */ = {
			isa = PBXGroup;
			children = (
				9752F0231F36E4D500D9272C /* ViewController.swift */,
				97B1073B1F37AA3500E36CF8 /* PreviewController.swift */,
				977AF40D1F40A74F007E591D /* ViewControllerExtension.swift */,
				97282EE11F4328450058B1DE /* ImagePickerViewController.swift */,
				973E7C071F4442E5001237D3 /* ImagePickerViewControllerExtension.swift */,
			);
			name = Controller;
			sourceTree = "<group>";
		};
		97B107511F3808D900E36CF8 /* Utils */ = {
			isa = PBXGroup;
			children = (
				97B107521F3808F500E36CF8 /* Extensions.swift */,
				974209B51F3AA45B004BFA95 /* UIImageColors.swift */,
				97FCF7531F3C1DA40003DADD /* ColorProcessor.swift */,
				9766F17C1F3F843B005A9637 /* ntc.js */,
			);
			name = Utils;
			sourceTree = "<group>";
		};
		97C66F671F3D2CDD00FB8C56 /* DominantColor */ = {
			isa = PBXGroup;
			children = (
				97C66F681F3D2D0700FB8C56 /* ColorDifference.swift */,
				97C66F6B1F3D2D2300FB8C56 /* ColorSpaceConversion.h */,
				97C66F6C1F3D2D2300FB8C56 /* ColorSpaceConversion.m */,
				97C66F6D1F3D2D2300FB8C56 /* DominantColor.h */,
				97C66F6E1F3D2D2300FB8C56 /* DominantColors.swift */,
				97C66F6F1F3D2D2300FB8C56 /* INVector3.h */,
				97C66F701F3D2D2300FB8C56 /* INVector3.m */,
				97C66F711F3D2D2300FB8C56 /* INVector3SwiftExtensions.swift */,
				97C66F721F3D2D2300FB8C56 /* KMeans.swift */,
				97C66F731F3D2D2300FB8C56 /* Memoization.swift */,
				97C66F741F3D2D2300FB8C56 /* PlatformExtensions.swift */,
				97C66F6A1F3D2D2300FB8C56 /* LazyColors-Bridging-Header.h */,
			);
			name = DominantColor;
			sourceTree = "<group>";
		};
		97EC46EA1F403666001EA9CC /* Resources */ = {
			isa = PBXGroup;
			children = (
				97889C941F403D9B0028B8D6 /* Proxima Nova Regular.otf */,
				977AF4541F410513007E591D /* Proxima Nova Bold.otf */,
			);
			name = Resources;
			sourceTree = "<group>";
		};
/* End PBXGroup section */

/* Begin PBXNativeTarget section */
		9752F01D1F36E4D500D9272C /* LazyColors */ = {
			isa = PBXNativeTarget;
			buildConfigurationList = 9752F0461F36E4D500D9272C /* Build configuration list for PBXNativeTarget "LazyColors" */;
			buildPhases = (
				9752F01A1F36E4D500D9272C /* Sources */,
				9752F01B1F36E4D500D9272C /* Frameworks */,
				9752F01C1F36E4D500D9272C /* Resources */,
			);
			buildRules = (
			);
			dependencies = (
			);
			name = LazyColors;
			productName = LazyColors;
			productReference = 9752F01E1F36E4D500D9272C /* LazyColors.app */;
			productType = "com.apple.product-type.application";
		};
		9752F0311F36E4D500D9272C /* LazyColorsTests */ = {
			isa = PBXNativeTarget;
			buildConfigurationList = 9752F0491F36E4D500D9272C /* Build configuration list for PBXNativeTarget "LazyColorsTests" */;
			buildPhases = (
				9752F02E1F36E4D500D9272C /* Sources */,
				9752F02F1F36E4D500D9272C /* Frameworks */,
				9752F0301F36E4D500D9272C /* Resources */,
			);
			buildRules = (
			);
			dependencies = (
				9752F0341F36E4D500D9272C /* PBXTargetDependency */,
			);
			name = LazyColorsTests;
			productName = LazyColorsTests;
			productReference = 9752F0321F36E4D500D9272C /* LazyColorsTests.xctest */;
			productType = "com.apple.product-type.bundle.unit-test";
		};
		9752F03C1F36E4D500D9272C /* LazyColorsUITests */ = {
			isa = PBXNativeTarget;
			buildConfigurationList = 9752F04C1F36E4D500D9272C /* Build configuration list for PBXNativeTarget "LazyColorsUITests" */;
			buildPhases = (
				9752F0391F36E4D500D9272C /* Sources */,
				9752F03A1F36E4D500D9272C /* Frameworks */,
				9752F03B1F36E4D500D9272C /* Resources */,
			);
			buildRules = (
			);
			dependencies = (
				9752F03F1F36E4D500D9272C /* PBXTargetDependency */,
			);
			name = LazyColorsUITests;
			productName = LazyColorsUITests;
			productReference = 9752F03D1F36E4D500D9272C /* LazyColorsUITests.xctest */;
			productType = "com.apple.product-type.bundle.ui-testing";
		};
/* End PBXNativeTarget section */

/* Begin PBXProject section */
		9752F0161F36E4D500D9272C /* Project object */ = {
			isa = PBXProject;
			attributes = {
				LastSwiftUpdateCheck = 0830;
				LastUpgradeCheck = 0830;
				ORGANIZATIONNAME = "Mohammad Rehaan";
				TargetAttributes = {
					9752F01D1F36E4D500D9272C = {
						CreatedOnToolsVersion = 8.3.3;
						DevelopmentTeam = J6276Y5UQV;
						LastSwiftMigration = 0830;
						ProvisioningStyle = Automatic;
					};
					9752F0311F36E4D500D9272C = {
						CreatedOnToolsVersion = 8.3.3;
						DevelopmentTeam = J6276Y5UQV;
						ProvisioningStyle = Automatic;
						TestTargetID = 9752F01D1F36E4D500D9272C;
					};
					9752F03C1F36E4D500D9272C = {
						CreatedOnToolsVersion = 8.3.3;
						DevelopmentTeam = J6276Y5UQV;
						ProvisioningStyle = Automatic;
						TestTargetID = 9752F01D1F36E4D500D9272C;
					};
				};
			};
			buildConfigurationList = 9752F0191F36E4D500D9272C /* Build configuration list for PBXProject "LazyColors" */;
			compatibilityVersion = "Xcode 3.2";
			developmentRegion = English;
			hasScannedForEncodings = 0;
			knownRegions = (
				en,
				Base,
			);
			mainGroup = 9752F0151F36E4D500D9272C;
			productRefGroup = 9752F01F1F36E4D500D9272C /* Products */;
			projectDirPath = "";
			projectRoot = "";
			targets = (
				9752F01D1F36E4D500D9272C /* LazyColors */,
				9752F0311F36E4D500D9272C /* LazyColorsTests */,
				9752F03C1F36E4D500D9272C /* LazyColorsUITests */,
			);
		};
/* End PBXProject section */

/* Begin PBXResourcesBuildPhase section */
		9752F01C1F36E4D500D9272C /* Resources */ = {
			isa = PBXResourcesBuildPhase;
			buildActionMask = 2147483647;
			files = (
				9752F0291F36E4D500D9272C /* Assets.xcassets in Resources */,
				97889C951F403D9B0028B8D6 /* Proxima Nova Regular.otf in Resources */,
				977F30171F3BF52000AE1901 /* Main.storyboard in Resources */,
				9766F17D1F3F843B005A9637 /* ntc.js in Resources */,
				977AF4551F410513007E591D /* Proxima Nova Bold.otf in Resources */,
			);
			runOnlyForDeploymentPostprocessing = 0;
		};
		9752F0301F36E4D500D9272C /* Resources */ = {
			isa = PBXResourcesBuildPhase;
			buildActionMask = 2147483647;
			files = (
			);
			runOnlyForDeploymentPostprocessing = 0;
		};
		9752F03B1F36E4D500D9272C /* Resources */ = {
			isa = PBXResourcesBuildPhase;
			buildActionMask = 2147483647;
			files = (
			);
			runOnlyForDeploymentPostprocessing = 0;
		};
/* End PBXResourcesBuildPhase section */

/* Begin PBXSourcesBuildPhase section */
		9752F01A1F36E4D500D9272C /* Sources */ = {
			isa = PBXSourcesBuildPhase;
			buildActionMask = 2147483647;
			files = (
				977AF40C1F40A5D2007E591D /* ColorCollectionView.swift in Sources */,
				97EC46E91F4026C3001EA9CC /* ColorNameContainer.swift in Sources */,
				97C66F7A1F3D2D2300FB8C56 /* Memoization.swift in Sources */,
				97B107531F3808F500E36CF8 /* Extensions.swift in Sources */,
				97282EE01F4328080058B1DE /* ImageScrollView.swift in Sources */,
				977F30221F3BF75600AE1901 /* Color+CoreDataClass.swift in Sources */,
				97C66F761F3D2D2300FB8C56 /* DominantColors.swift in Sources */,
				977F301B1F3BF59B00AE1901 /* AppModel.xcdatamodeld in Sources */,
				974209B61F3AA45B004BFA95 /* UIImageColors.swift in Sources */,
				97B107551F38153D00E36CF8 /* CameraControlsFooter.swift in Sources */,
				97B1073C1F37AA3500E36CF8 /* PreviewController.swift in Sources */,
				97B1075B1F38233100E36CF8 /* CameraControlsFooterCell.swift in Sources */,
				977F30231F3BF75600AE1901 /* Color+CoreDataProperties.swift in Sources */,
				973E7C041F442916001237D3 /* ImagePickerControls.swift in Sources */,
				977AF4101F40A88F007E591D /* SingleColorCell.swift in Sources */,
				97C66F7B1F3D2D2300FB8C56 /* PlatformExtensions.swift in Sources */,
				97C66F751F3D2D2300FB8C56 /* ColorSpaceConversion.m in Sources */,
				97B107571F38154C00E36CF8 /* CameraControlsHeader.swift in Sources */,
				97B107591F38226600E36CF8 /* BaseCell.swift in Sources */,
				97B1073E1F37B47A00E36CF8 /* CameraControlsOverlay.swift in Sources */,
				973E7C061F4429D8001237D3 /* ImagePickerOptions.swift in Sources */,
				97C66F791F3D2D2300FB8C56 /* KMeans.swift in Sources */,
				97C66F781F3D2D2300FB8C56 /* INVector3SwiftExtensions.swift in Sources */,
				977AF4131F40EC4F007E591D /* ColorCollectionViewHelper.swift in Sources */,
				977AF40E1F40A74F007E591D /* ViewControllerExtension.swift in Sources */,
				97B1075D1F38281700E36CF8 /* CameraControlsHeaderCell.swift in Sources */,
				97282EE21F4328450058B1DE /* ImagePickerViewController.swift in Sources */,
				97C66F691F3D2D0700FB8C56 /* ColorDifference.swift in Sources */,
				9752F0241F36E4D500D9272C /* ViewController.swift in Sources */,
				973E7C081F4442E5001237D3 /* ImagePickerViewControllerExtension.swift in Sources */,
				97C66F771F3D2D2300FB8C56 /* INVector3.m in Sources */,
				97FCF7541F3C1DA40003DADD /* ColorProcessor.swift in Sources */,
				9752F0221F36E4D500D9272C /* AppDelegate.swift in Sources */,
			);
			runOnlyForDeploymentPostprocessing = 0;
		};
		9752F02E1F36E4D500D9272C /* Sources */ = {
			isa = PBXSourcesBuildPhase;
			buildActionMask = 2147483647;
			files = (
				9752F0371F36E4D500D9272C /* LazyColorsTests.swift in Sources */,
			);
			runOnlyForDeploymentPostprocessing = 0;
		};
		9752F0391F36E4D500D9272C /* Sources */ = {
			isa = PBXSourcesBuildPhase;
			buildActionMask = 2147483647;
			files = (
				9752F0421F36E4D500D9272C /* LazyColorsUITests.swift in Sources */,
			);
			runOnlyForDeploymentPostprocessing = 0;
		};
/* End PBXSourcesBuildPhase section */

/* Begin PBXTargetDependency section */
		9752F0341F36E4D500D9272C /* PBXTargetDependency */ = {
			isa = PBXTargetDependency;
			target = 9752F01D1F36E4D500D9272C /* LazyColors */;
			targetProxy = 9752F0331F36E4D500D9272C /* PBXContainerItemProxy */;
		};
		9752F03F1F36E4D500D9272C /* PBXTargetDependency */ = {
			isa = PBXTargetDependency;
			target = 9752F01D1F36E4D500D9272C /* LazyColors */;
			targetProxy = 9752F03E1F36E4D500D9272C /* PBXContainerItemProxy */;
		};
/* End PBXTargetDependency section */

/* Begin XCBuildConfiguration section */
		9752F0441F36E4D500D9272C /* Debug */ = {
			isa = XCBuildConfiguration;
			buildSettings = {
				ALWAYS_SEARCH_USER_PATHS = NO;
				CLANG_ANALYZER_NONNULL = YES;
				CLANG_ANALYZER_NUMBER_OBJECT_CONVERSION = YES_AGGRESSIVE;
				CLANG_CXX_LANGUAGE_STANDARD = "gnu++0x";
				CLANG_CXX_LIBRARY = "libc++";
				CLANG_ENABLE_MODULES = YES;
				CLANG_ENABLE_OBJC_ARC = YES;
				CLANG_WARN_BOOL_CONVERSION = YES;
				CLANG_WARN_CONSTANT_CONVERSION = YES;
				CLANG_WARN_DIRECT_OBJC_ISA_USAGE = YES_ERROR;
				CLANG_WARN_DOCUMENTATION_COMMENTS = YES;
				CLANG_WARN_EMPTY_BODY = YES;
				CLANG_WARN_ENUM_CONVERSION = YES;
				CLANG_WARN_INFINITE_RECURSION = YES;
				CLANG_WARN_INT_CONVERSION = YES;
				CLANG_WARN_OBJC_ROOT_CLASS = YES_ERROR;
				CLANG_WARN_SUSPICIOUS_MOVE = YES;
				CLANG_WARN_UNREACHABLE_CODE = YES;
				CLANG_WARN__DUPLICATE_METHOD_MATCH = YES;
				"CODE_SIGN_IDENTITY[sdk=iphoneos*]" = "iPhone Developer";
				COPY_PHASE_STRIP = NO;
				DEBUG_INFORMATION_FORMAT = dwarf;
				ENABLE_STRICT_OBJC_MSGSEND = YES;
				ENABLE_TESTABILITY = YES;
				GCC_C_LANGUAGE_STANDARD = gnu99;
				GCC_DYNAMIC_NO_PIC = NO;
				GCC_NO_COMMON_BLOCKS = YES;
				GCC_OPTIMIZATION_LEVEL = 0;
				GCC_PREPROCESSOR_DEFINITIONS = (
					"DEBUG=1",
					"$(inherited)",
				);
				GCC_WARN_64_TO_32_BIT_CONVERSION = YES;
				GCC_WARN_ABOUT_RETURN_TYPE = YES_ERROR;
				GCC_WARN_UNDECLARED_SELECTOR = YES;
				GCC_WARN_UNINITIALIZED_AUTOS = YES_AGGRESSIVE;
				GCC_WARN_UNUSED_FUNCTION = YES;
				GCC_WARN_UNUSED_VARIABLE = YES;
				IPHONEOS_DEPLOYMENT_TARGET = 10.3;
				MTL_ENABLE_DEBUG_INFO = YES;
				ONLY_ACTIVE_ARCH = YES;
				SDKROOT = iphoneos;
				SWIFT_ACTIVE_COMPILATION_CONDITIONS = DEBUG;
				SWIFT_OPTIMIZATION_LEVEL = "-Onone";
				TARGETED_DEVICE_FAMILY = "1,2";
			};
			name = Debug;
		};
		9752F0451F36E4D500D9272C /* Release */ = {
			isa = XCBuildConfiguration;
			buildSettings = {
				ALWAYS_SEARCH_USER_PATHS = NO;
				CLANG_ANALYZER_NONNULL = YES;
				CLANG_ANALYZER_NUMBER_OBJECT_CONVERSION = YES_AGGRESSIVE;
				CLANG_CXX_LANGUAGE_STANDARD = "gnu++0x";
				CLANG_CXX_LIBRARY = "libc++";
				CLANG_ENABLE_MODULES = YES;
				CLANG_ENABLE_OBJC_ARC = YES;
				CLANG_WARN_BOOL_CONVERSION = YES;
				CLANG_WARN_CONSTANT_CONVERSION = YES;
				CLANG_WARN_DIRECT_OBJC_ISA_USAGE = YES_ERROR;
				CLANG_WARN_DOCUMENTATION_COMMENTS = YES;
				CLANG_WARN_EMPTY_BODY = YES;
				CLANG_WARN_ENUM_CONVERSION = YES;
				CLANG_WARN_INFINITE_RECURSION = YES;
				CLANG_WARN_INT_CONVERSION = YES;
				CLANG_WARN_OBJC_ROOT_CLASS = YES_ERROR;
				CLANG_WARN_SUSPICIOUS_MOVE = YES;
				CLANG_WARN_UNREACHABLE_CODE = YES;
				CLANG_WARN__DUPLICATE_METHOD_MATCH = YES;
				"CODE_SIGN_IDENTITY[sdk=iphoneos*]" = "iPhone Developer";
				COPY_PHASE_STRIP = NO;
				DEBUG_INFORMATION_FORMAT = "dwarf-with-dsym";
				ENABLE_NS_ASSERTIONS = NO;
				ENABLE_STRICT_OBJC_MSGSEND = YES;
				GCC_C_LANGUAGE_STANDARD = gnu99;
				GCC_NO_COMMON_BLOCKS = YES;
				GCC_WARN_64_TO_32_BIT_CONVERSION = YES;
				GCC_WARN_ABOUT_RETURN_TYPE = YES_ERROR;
				GCC_WARN_UNDECLARED_SELECTOR = YES;
				GCC_WARN_UNINITIALIZED_AUTOS = YES_AGGRESSIVE;
				GCC_WARN_UNUSED_FUNCTION = YES;
				GCC_WARN_UNUSED_VARIABLE = YES;
				IPHONEOS_DEPLOYMENT_TARGET = 10.3;
				MTL_ENABLE_DEBUG_INFO = NO;
				SDKROOT = iphoneos;
				SWIFT_OPTIMIZATION_LEVEL = "-Owholemodule";
				TARGETED_DEVICE_FAMILY = "1,2";
				VALIDATE_PRODUCT = YES;
			};
			name = Release;
		};
		9752F0471F36E4D500D9272C /* Debug */ = {
			isa = XCBuildConfiguration;
			buildSettings = {
				ASSETCATALOG_COMPILER_APPICON_NAME = AppIcon;
				CLANG_ENABLE_MODULES = YES;
				DEVELOPMENT_TEAM = J6276Y5UQV;
				INFOPLIST_FILE = LazyColors/Info.plist;
				LD_RUNPATH_SEARCH_PATHS = "$(inherited) @executable_path/Frameworks";
				PRODUCT_BUNDLE_IDENTIFIER = test.LazyColors;
				PRODUCT_NAME = "$(TARGET_NAME)";
				SWIFT_OBJC_BRIDGING_HEADER = "LazyColors/LazyColors-Bridging-Header.h";
				SWIFT_OPTIMIZATION_LEVEL = "-Onone";
				SWIFT_VERSION = 3.0;
			};
			name = Debug;
		};
		9752F0481F36E4D500D9272C /* Release */ = {
			isa = XCBuildConfiguration;
			buildSettings = {
				ASSETCATALOG_COMPILER_APPICON_NAME = AppIcon;
				CLANG_ENABLE_MODULES = YES;
				DEVELOPMENT_TEAM = J6276Y5UQV;
				INFOPLIST_FILE = LazyColors/Info.plist;
				LD_RUNPATH_SEARCH_PATHS = "$(inherited) @executable_path/Frameworks";
				PRODUCT_BUNDLE_IDENTIFIER = test.LazyColors;
				PRODUCT_NAME = "$(TARGET_NAME)";
				SWIFT_OBJC_BRIDGING_HEADER = "LazyColors/LazyColors-Bridging-Header.h";
				SWIFT_VERSION = 3.0;
			};
			name = Release;
		};
		9752F04A1F36E4D500D9272C /* Debug */ = {
			isa = XCBuildConfiguration;
			buildSettings = {
				ALWAYS_EMBED_SWIFT_STANDARD_LIBRARIES = YES;
				BUNDLE_LOADER = "$(TEST_HOST)";
				DEVELOPMENT_TEAM = J6276Y5UQV;
				INFOPLIST_FILE = LazyColorsTests/Info.plist;
				LD_RUNPATH_SEARCH_PATHS = "$(inherited) @executable_path/Frameworks @loader_path/Frameworks";
				PRODUCT_BUNDLE_IDENTIFIER = test.LazyColorsTests;
				PRODUCT_NAME = "$(TARGET_NAME)";
				SWIFT_VERSION = 3.0;
				TEST_HOST = "$(BUILT_PRODUCTS_DIR)/LazyColors.app/LazyColors";
			};
			name = Debug;
		};
		9752F04B1F36E4D500D9272C /* Release */ = {
			isa = XCBuildConfiguration;
			buildSettings = {
				ALWAYS_EMBED_SWIFT_STANDARD_LIBRARIES = YES;
				BUNDLE_LOADER = "$(TEST_HOST)";
				DEVELOPMENT_TEAM = J6276Y5UQV;
				INFOPLIST_FILE = LazyColorsTests/Info.plist;
				LD_RUNPATH_SEARCH_PATHS = "$(inherited) @executable_path/Frameworks @loader_path/Frameworks";
				PRODUCT_BUNDLE_IDENTIFIER = test.LazyColorsTests;
				PRODUCT_NAME = "$(TARGET_NAME)";
				SWIFT_VERSION = 3.0;
				TEST_HOST = "$(BUILT_PRODUCTS_DIR)/LazyColors.app/LazyColors";
			};
			name = Release;
		};
		9752F04D1F36E4D500D9272C /* Debug */ = {
			isa = XCBuildConfiguration;
			buildSettings = {
				ALWAYS_EMBED_SWIFT_STANDARD_LIBRARIES = YES;
				DEVELOPMENT_TEAM = J6276Y5UQV;
				INFOPLIST_FILE = LazyColorsUITests/Info.plist;
				LD_RUNPATH_SEARCH_PATHS = "$(inherited) @executable_path/Frameworks @loader_path/Frameworks";
				PRODUCT_BUNDLE_IDENTIFIER = test.LazyColorsUITests;
				PRODUCT_NAME = "$(TARGET_NAME)";
				SWIFT_VERSION = 3.0;
				TEST_TARGET_NAME = LazyColors;
			};
			name = Debug;
		};
		9752F04E1F36E4D500D9272C /* Release */ = {
			isa = XCBuildConfiguration;
			buildSettings = {
				ALWAYS_EMBED_SWIFT_STANDARD_LIBRARIES = YES;
				DEVELOPMENT_TEAM = J6276Y5UQV;
				INFOPLIST_FILE = LazyColorsUITests/Info.plist;
				LD_RUNPATH_SEARCH_PATHS = "$(inherited) @executable_path/Frameworks @loader_path/Frameworks";
				PRODUCT_BUNDLE_IDENTIFIER = test.LazyColorsUITests;
				PRODUCT_NAME = "$(TARGET_NAME)";
				SWIFT_VERSION = 3.0;
				TEST_TARGET_NAME = LazyColors;
			};
			name = Release;
		};
/* End XCBuildConfiguration section */

/* Begin XCConfigurationList section */
		9752F0191F36E4D500D9272C /* Build configuration list for PBXProject "LazyColors" */ = {
			isa = XCConfigurationList;
			buildConfigurations = (
				9752F0441F36E4D500D9272C /* Debug */,
				9752F0451F36E4D500D9272C /* Release */,
			);
			defaultConfigurationIsVisible = 0;
			defaultConfigurationName = Release;
		};
		9752F0461F36E4D500D9272C /* Build configuration list for PBXNativeTarget "LazyColors" */ = {
			isa = XCConfigurationList;
			buildConfigurations = (
				9752F0471F36E4D500D9272C /* Debug */,
				9752F0481F36E4D500D9272C /* Release */,
			);
			defaultConfigurationIsVisible = 0;
			defaultConfigurationName = Release;
		};
		9752F0491F36E4D500D9272C /* Build configuration list for PBXNativeTarget "LazyColorsTests" */ = {
			isa = XCConfigurationList;
			buildConfigurations = (
				9752F04A1F36E4D500D9272C /* Debug */,
				9752F04B1F36E4D500D9272C /* Release */,
			);
			defaultConfigurationIsVisible = 0;
			defaultConfigurationName = Release;
		};
		9752F04C1F36E4D500D9272C /* Build configuration list for PBXNativeTarget "LazyColorsUITests" */ = {
			isa = XCConfigurationList;
			buildConfigurations = (
				9752F04D1F36E4D500D9272C /* Debug */,
				9752F04E1F36E4D500D9272C /* Release */,
			);
			defaultConfigurationIsVisible = 0;
			defaultConfigurationName = Release;
		};
/* End XCConfigurationList section */

/* Begin XCVersionGroup section */
		977F30191F3BF59B00AE1901 /* AppModel.xcdatamodeld */ = {
			isa = XCVersionGroup;
			children = (
				977F301A1F3BF59B00AE1901 /* AppModel.xcdatamodel */,
			);
			currentVersion = 977F301A1F3BF59B00AE1901 /* AppModel.xcdatamodel */;
			path = AppModel.xcdatamodeld;
			sourceTree = "<group>";
			versionGroupType = wrapper.xcdatamodel;
		};
/* End XCVersionGroup section */
	};
	rootObject = 9752F0161F36E4D500D9272C /* Project object */;
}
