// !$*UTF8*$!
{
	archiveVersion = 1;
	classes = {
	};
	objectVersion = 46;
	objects = {

/* Begin PBXBuildFile section */
		9752F0221F36E4D500D9272C /* AppDelegate.swift in Sources */ = {isa = PBXBuildFile; fileRef = 9752F0211F36E4D500D9272C /* AppDelegate.swift */; };
		9752F0241F36E4D500D9272C /* ViewController.swift in Sources */ = {isa = PBXBuildFile; fileRef = 9752F0231F36E4D500D9272C /* ViewController.swift */; };
		9752F0271F36E4D500D9272C /* Main.storyboard in Resources */ = {isa = PBXBuildFile; fileRef = 9752F0251F36E4D500D9272C /* Main.storyboard */; };
		9752F0291F36E4D500D9272C /* Assets.xcassets in Resources */ = {isa = PBXBuildFile; fileRef = 9752F0281F36E4D500D9272C /* Assets.xcassets */; };
		9752F02C1F36E4D500D9272C /* LaunchScreen.storyboard in Resources */ = {isa = PBXBuildFile; fileRef = 9752F02A1F36E4D500D9272C /* LaunchScreen.storyboard */; };
		9752F0371F36E4D500D9272C /* LazyColorsTests.swift in Sources */ = {isa = PBXBuildFile; fileRef = 9752F0361F36E4D500D9272C /* LazyColorsTests.swift */; };
		9752F0421F36E4D500D9272C /* LazyColorsUITests.swift in Sources */ = {isa = PBXBuildFile; fileRef = 9752F0411F36E4D500D9272C /* LazyColorsUITests.swift */; };
		97B1073C1F37AA3500E36CF8 /* PreviewController.swift in Sources */ = {isa = PBXBuildFile; fileRef = 97B1073B1F37AA3500E36CF8 /* PreviewController.swift */; };
		97B1073E1F37B47A00E36CF8 /* CameraControlsOverlay.swift in Sources */ = {isa = PBXBuildFile; fileRef = 97B1073D1F37B47A00E36CF8 /* CameraControlsOverlay.swift */; };
/* End PBXBuildFile section */

/* Begin PBXContainerItemProxy section */
		9752F0331F36E4D500D9272C /* PBXContainerItemProxy */ = {
			isa = PBXContainerItemProxy;
			containerPortal = 9752F0161F36E4D500D9272C /* Project object */;
			proxyType = 1;
			remoteGlobalIDString = 9752F01D1F36E4D500D9272C;
			remoteInfo = LazyColors;
		};
		9752F03E1F36E4D500D9272C /* PBXContainerItemProxy */ = {
			isa = PBXContainerItemProxy;
			containerPortal = 9752F0161F36E4D500D9272C /* Project object */;
			proxyType = 1;
			remoteGlobalIDString = 9752F01D1F36E4D500D9272C;
			remoteInfo = LazyColors;
		};
/* End PBXContainerItemProxy section */

/* Begin PBXFileReference section */
		9752F01E1F36E4D500D9272C /* LazyColors.app */ = {isa = PBXFileReference; explicitFileType = wrapper.application; includeInIndex = 0; path = LazyColors.app; sourceTree = BUILT_PRODUCTS_DIR; };
		9752F0211F36E4D500D9272C /* AppDelegate.swift */ = {isa = PBXFileReference; lastKnownFileType = sourcecode.swift; path = AppDelegate.swift; sourceTree = "<group>"; };
		9752F0231F36E4D500D9272C /* ViewController.swift */ = {isa = PBXFileReference; lastKnownFileType = sourcecode.swift; path = ViewController.swift; sourceTree = "<group>"; };
		9752F0261F36E4D500D9272C /* Base */ = {isa = PBXFileReference; lastKnownFileType = file.storyboard; name = Base; path = Base.lproj/Main.storyboard; sourceTree = "<group>"; };
		9752F0281F36E4D500D9272C /* Assets.xcassets */ = {isa = PBXFileReference; lastKnownFileType = folder.assetcatalog; path = Assets.xcassets; sourceTree = "<group>"; };
		9752F02B1F36E4D500D9272C /* Base */ = {isa = PBXFileReference; lastKnownFileType = file.storyboard; name = Base; path = Base.lproj/LaunchScreen.storyboard; sourceTree = "<group>"; };
		9752F02D1F36E4D500D9272C /* Info.plist */ = {isa = PBXFileReference; lastKnownFileType = text.plist.xml; path = Info.plist; sourceTree = "<group>"; };
		9752F0321F36E4D500D9272C /* LazyColorsTests.xctest */ = {isa = PBXFileReference; explicitFileType = wrapper.cfbundle; includeInIndex = 0; path = LazyColorsTests.xctest; sourceTree = BUILT_PRODUCTS_DIR; };
		9752F0361F36E4D500D9272C /* LazyColorsTests.swift */ = {isa = PBXFileReference; lastKnownFileType = sourcecode.swift; path = LazyColorsTests.swift; sourceTree = "<group>"; };
		9752F0381F36E4D500D9272C /* Info.plist */ = {isa = PBXFileReference; lastKnownFileType = text.plist.xml; path = Info.plist; sourceTree = "<group>"; };
		9752F03D1F36E4D500D9272C /* LazyColorsUITests.xctest */ = {isa = PBXFileReference; explicitFileType = wrapper.cfbundle; includeInIndex = 0; path = LazyColorsUITests.xctest; sourceTree = BUILT_PRODUCTS_DIR; };
		9752F0411F36E4D500D9272C /* LazyColorsUITests.swift */ = {isa = PBXFileReference; lastKnownFileType = sourcecode.swift; path = LazyColorsUITests.swift; sourceTree = "<group>"; };
		9752F0431F36E4D500D9272C /* Info.plist */ = {isa = PBXFileReference; lastKnownFileType = text.plist.xml; path = Info.plist; sourceTree = "<group>"; };
		97B1073B1F37AA3500E36CF8 /* PreviewController.swift */ = {isa = PBXFileReference; fileEncoding = 4; lastKnownFileType = sourcecode.swift; path = PreviewController.swift; sourceTree = "<group>"; };
		97B1073D1F37B47A00E36CF8 /* CameraControlsOverlay.swift */ = {isa = PBXFileReference; fileEncoding = 4; lastKnownFileType = sourcecode.swift; path = CameraControlsOverlay.swift; sourceTree = "<group>"; };
/* End PBXFileReference section */

/* Begin PBXFrameworksBuildPhase section */
		9752F01B1F36E4D500D9272C /* Frameworks */ = {
			isa = PBXFrameworksBuildPhase;
			buildActionMask = 2147483647;
			files = (
			);
			runOnlyForDeploymentPostprocessing = 0;
		};
		9752F02F1F36E4D500D9272C /* Frameworks */ = {
			isa = PBXFrameworksBuildPhase;
			buildActionMask = 2147483647;
			files = (
			);
			runOnlyForDeploymentPostprocessing = 0;
		};
		9752F03A1F36E4D500D9272C /* Frameworks */ = {
			isa = PBXFrameworksBuildPhase;
			buildActionMask = 2147483647;
			files = (
			);
			runOnlyForDeploymentPostprocessing = 0;
		};
/* End PBXFrameworksBuildPhase section */

/* Begin PBXGroup section */
		9752F0151F36E4D500D9272C = {
			isa = PBXGroup;
			children = (
				9752F0201F36E4D500D9272C /* LazyColors */,
				9752F0351F36E4D500D9272C /* LazyColorsTests */,
				9752F0401F36E4D500D9272C /* LazyColorsUITests */,
				9752F01F1F36E4D500D9272C /* Products */,
			);
			sourceTree = "<group>";
		};
		9752F01F1F36E4D500D9272C /* Products */ = {
			isa = PBXGroup;
			children = (
				9752F01E1F36E4D500D9272C /* LazyColors.app */,
				9752F0321F36E4D500D9272C /* LazyColorsTests.xctest */,
				9752F03D1F36E4D500D9272C /* LazyColorsUITests.xctest */,
			);
			name = Products;
			sourceTree = "<group>";
		};
		9752F0201F36E4D500D9272C /* LazyColors */ = {
			isa = PBXGroup;
			children = (
				97B1073A1F379F5600E36CF8 /* Controller */,
				97B107391F379F5100E36CF8 /* View */,
				97B107381F379F4600E36CF8 /* Model */,
				9752F0211F36E4D500D9272C /* AppDelegate.swift */,
				9752F0251F36E4D500D9272C /* Main.storyboard */,
				9752F0281F36E4D500D9272C /* Assets.xcassets */,
				9752F02A1F36E4D500D9272C /* LaunchScreen.storyboard */,
				9752F02D1F36E4D500D9272C /* Info.plist */,
			);
			path = LazyColors;
			sourceTree = "<group>";
		};
		9752F0351F36E4D500D9272C /* LazyColorsTests */ = {
			isa = PBXGroup;
			children = (
				9752F0361F36E4D500D9272C /* LazyColorsTests.swift */,
				9752F0381F36E4D500D9272C /* Info.plist */,
			);
			path = LazyColorsTests;
			sourceTree = "<group>";
		};
		9752F0401F36E4D500D9272C /* LazyColorsUITests */ = {
			isa = PBXGroup;
			children = (
				9752F0411F36E4D500D9272C /* LazyColorsUITests.swift */,
				9752F0431F36E4D500D9272C /* Info.plist */,
			);
			path = LazyColorsUITests;
			sourceTree = "<group>";
		};
		97B107381F379F4600E36CF8 /* Model */ = {
			isa = PBXGroup;
			children = (
			);
			name = Model;
			sourceTree = "<group>";
		};
		97B107391F379F5100E36CF8 /* View */ = {
			isa = PBXGroup;
			children = (
				97B1073D1F37B47A00E36CF8 /* CameraControlsOverlay.swift */,
			);
			name = View;
			sourceTree = "<group>";
		};
		97B1073A1F379F5600E36CF8 /* Controller */ = {
			isa = PBXGroup;
			children = (
				9752F0231F36E4D500D9272C /* ViewController.swift */,
				97B1073B1F37AA3500E36CF8 /* PreviewController.swift */,
			);
			name = Controller;
			sourceTree = "<group>";
		};
/* End PBXGroup section */

/* Begin PBXNativeTarget section */
		9752F01D1F36E4D500D9272C /* LazyColors */ = {
			isa = PBXNativeTarget;
			buildConfigurationList = 9752F0461F36E4D500D9272C /* Build configuration list for PBXNativeTarget "LazyColors" */;
			buildPhases = (
				9752F01A1F36E4D500D9272C /* Sources */,
				9752F01B1F36E4D500D9272C /* Frameworks */,
				9752F01C1F36E4D500D9272C /* Resources */,
			);
			buildRules = (
			);
			dependencies = (
			);
			name = LazyColors;
			productName = LazyColors;
			productReference = 9752F01E1F36E4D500D9272C /* LazyColors.app */;
			productType = "com.apple.product-type.application";
		};
		9752F0311F36E4D500D9272C /* LazyColorsTests */ = {
			isa = PBXNativeTarget;
			buildConfigurationList = 9752F0491F36E4D500D9272C /* Build configuration list for PBXNativeTarget "LazyColorsTests" */;
			buildPhases = (
				9752F02E1F36E4D500D9272C /* Sources */,
				9752F02F1F36E4D500D9272C /* Frameworks */,
				9752F0301F36E4D500D9272C /* Resources */,
			);
			buildRules = (
			);
			dependencies = (
				9752F0341F36E4D500D9272C /* PBXTargetDependency */,
			);
			name = LazyColorsTests;
			productName = LazyColorsTests;
			productReference = 9752F0321F36E4D500D9272C /* LazyColorsTests.xctest */;
			productType = "com.apple.product-type.bundle.unit-test";
		};
		9752F03C1F36E4D500D9272C /* LazyColorsUITests */ = {
			isa = PBXNativeTarget;
			buildConfigurationList = 9752F04C1F36E4D500D9272C /* Build configuration list for PBXNativeTarget "LazyColorsUITests" */;
			buildPhases = (
				9752F0391F36E4D500D9272C /* Sources */,
				9752F03A1F36E4D500D9272C /* Frameworks */,
				9752F03B1F36E4D500D9272C /* Resources */,
			);
			buildRules = (
			);
			dependencies = (
				9752F03F1F36E4D500D9272C /* PBXTargetDependency */,
			);
			name = LazyColorsUITests;
			productName = LazyColorsUITests;
			productReference = 9752F03D1F36E4D500D9272C /* LazyColorsUITests.xctest */;
			productType = "com.apple.product-type.bundle.ui-testing";
		};
/* End PBXNativeTarget section */

/* Begin PBXProject section */
		9752F0161F36E4D500D9272C /* Project object */ = {
			isa = PBXProject;
			attributes = {
				LastSwiftUpdateCheck = 0830;
				LastUpgradeCheck = 0830;
				ORGANIZATIONNAME = "Mohammad Rehaan";
				TargetAttributes = {
					9752F01D1F36E4D500D9272C = {
						CreatedOnToolsVersion = 8.3.3;
						DevelopmentTeam = J6276Y5UQV;
						ProvisioningStyle = Automatic;
					};
					9752F0311F36E4D500D9272C = {
						CreatedOnToolsVersion = 8.3.3;
						DevelopmentTeam = J6276Y5UQV;
						ProvisioningStyle = Automatic;
						TestTargetID = 9752F01D1F36E4D500D9272C;
					};
					9752F03C1F36E4D500D9272C = {
						CreatedOnToolsVersion = 8.3.3;
						DevelopmentTeam = J6276Y5UQV;
						ProvisioningStyle = Automatic;
						TestTargetID = 9752F01D1F36E4D500D9272C;
					};
				};
			};
			buildConfigurationList = 9752F0191F36E4D500D9272C /* Build configuration list for PBXProject "LazyColors" */;
			compatibilityVersion = "Xcode 3.2";
			developmentRegion = English;
			hasScannedForEncodings = 0;
			knownRegions = (
				en,
				Base,
			);
			mainGroup = 9752F0151F36E4D500D9272C;
			productRefGroup = 9752F01F1F36E4D500D9272C /* Products */;
			projectDirPath = "";
			projectRoot = "";
			targets = (
				9752F01D1F36E4D500D9272C /* LazyColors */,
				9752F0311F36E4D500D9272C /* LazyColorsTests */,
				9752F03C1F36E4D500D9272C /* LazyColorsUITests */,
			);
		};
/* End PBXProject section */

/* Begin PBXResourcesBuildPhase section */
		9752F01C1F36E4D500D9272C /* Resources */ = {
			isa = PBXResourcesBuildPhase;
			buildActionMask = 2147483647;
			files = (
				9752F02C1F36E4D500D9272C /* LaunchScreen.storyboard in Resources */,
				9752F0291F36E4D500D9272C /* Assets.xcassets in Resources */,
				9752F0271F36E4D500D9272C /* Main.storyboard in Resources */,
			);
			runOnlyForDeploymentPostprocessing = 0;
		};
		9752F0301F36E4D500D9272C /* Resources */ = {
			isa = PBXResourcesBuildPhase;
			buildActionMask = 2147483647;
			files = (
			);
			runOnlyForDeploymentPostprocessing = 0;
		};
		9752F03B1F36E4D500D9272C /* Resources */ = {
			isa = PBXResourcesBuildPhase;
			buildActionMask = 2147483647;
			files = (
			);
			runOnlyForDeploymentPostprocessing = 0;
		};
/* End PBXResourcesBuildPhase section */

/* Begin PBXSourcesBuildPhase section */
		9752F01A1F36E4D500D9272C /* Sources */ = {
			isa = PBXSourcesBuildPhase;
			buildActionMask = 2147483647;
			files = (
				97B1073C1F37AA3500E36CF8 /* PreviewController.swift in Sources */,
				97B1073E1F37B47A00E36CF8 /* CameraControlsOverlay.swift in Sources */,
				9752F0241F36E4D500D9272C /* ViewController.swift in Sources */,
				9752F0221F36E4D500D9272C /* AppDelegate.swift in Sources */,
			);
			runOnlyForDeploymentPostprocessing = 0;
		};
		9752F02E1F36E4D500D9272C /* Sources */ = {
			isa = PBXSourcesBuildPhase;
			buildActionMask = 2147483647;
			files = (
				9752F0371F36E4D500D9272C /* LazyColorsTests.swift in Sources */,
			);
			runOnlyForDeploymentPostprocessing = 0;
		};
		9752F0391F36E4D500D9272C /* Sources */ = {
			isa = PBXSourcesBuildPhase;
			buildActionMask = 2147483647;
			files = (
				9752F0421F36E4D500D9272C /* LazyColorsUITests.swift in Sources */,
			);
			runOnlyForDeploymentPostprocessing = 0;
		};
/* End PBXSourcesBuildPhase section */

/* Begin PBXTargetDependency section */
		9752F0341F36E4D500D9272C /* PBXTargetDependency */ = {
			isa = PBXTargetDependency;
			target = 9752F01D1F36E4D500D9272C /* LazyColors */;
			targetProxy = 9752F0331F36E4D500D9272C /* PBXContainerItemProxy */;
		};
		9752F03F1F36E4D500D9272C /* PBXTargetDependency */ = {
			isa = PBXTargetDependency;
			target = 9752F01D1F36E4D500D9272C /* LazyColors */;
			targetProxy = 9752F03E1F36E4D500D9272C /* PBXContainerItemProxy */;
		};
/* End PBXTargetDependency section */

/* Begin PBXVariantGroup section */
		9752F0251F36E4D500D9272C /* Main.storyboard */ = {
			isa = PBXVariantGroup;
			children = (
				9752F0261F36E4D500D9272C /* Base */,
			);
			name = Main.storyboard;
			sourceTree = "<group>";
		};
		9752F02A1F36E4D500D9272C /* LaunchScreen.storyboard */ = {
			isa = PBXVariantGroup;
			children = (
				9752F02B1F36E4D500D9272C /* Base */,
			);
			name = LaunchScreen.storyboard;
			sourceTree = "<group>";
		};
/* End PBXVariantGroup section */

/* Begin XCBuildConfiguration section */
		9752F0441F36E4D500D9272C /* Debug */ = {
			isa = XCBuildConfiguration;
			buildSettings = {
				ALWAYS_SEARCH_USER_PATHS = NO;
				CLANG_ANALYZER_NONNULL = YES;
				CLANG_ANALYZER_NUMBER_OBJECT_CONVERSION = YES_AGGRESSIVE;
				CLANG_CXX_LANGUAGE_STANDARD = "gnu++0x";
				CLANG_CXX_LIBRARY = "libc++";
				CLANG_ENABLE_MODULES = YES;
				CLANG_ENABLE_OBJC_ARC = YES;
				CLANG_WARN_BOOL_CONVERSION = YES;
				CLANG_WARN_CONSTANT_CONVERSION = YES;
				CLANG_WARN_DIRECT_OBJC_ISA_USAGE = YES_ERROR;
				CLANG_WARN_DOCUMENTATION_COMMENTS = YES;
				CLANG_WARN_EMPTY_BODY = YES;
				CLANG_WARN_ENUM_CONVERSION = YES;
				CLANG_WARN_INFINITE_RECURSION = YES;
				CLANG_WARN_INT_CONVERSION = YES;
				CLANG_WARN_OBJC_ROOT_CLASS = YES_ERROR;
				CLANG_WARN_SUSPICIOUS_MOVE = YES;
				CLANG_WARN_UNREACHABLE_CODE = YES;
				CLANG_WARN__DUPLICATE_METHOD_MATCH = YES;
				"CODE_SIGN_IDENTITY[sdk=iphoneos*]" = "iPhone Developer";
				COPY_PHASE_STRIP = NO;
				DEBUG_INFORMATION_FORMAT = dwarf;
				ENABLE_STRICT_OBJC_MSGSEND = YES;
				ENABLE_TESTABILITY = YES;
				GCC_C_LANGUAGE_STANDARD = gnu99;
				GCC_DYNAMIC_NO_PIC = NO;
				GCC_NO_COMMON_BLOCKS = YES;
				GCC_OPTIMIZATION_LEVEL = 0;
				GCC_PREPROCESSOR_DEFINITIONS = (
					"DEBUG=1",
					"$(inherited)",
				);
				GCC_WARN_64_TO_32_BIT_CONVERSION = YES;
				GCC_WARN_ABOUT_RETURN_TYPE = YES_ERROR;
				GCC_WARN_UNDECLARED_SELECTOR = YES;
				GCC_WARN_UNINITIALIZED_AUTOS = YES_AGGRESSIVE;
				GCC_WARN_UNUSED_FUNCTION = YES;
				GCC_WARN_UNUSED_VARIABLE = YES;
				IPHONEOS_DEPLOYMENT_TARGET = 10.3;
				MTL_ENABLE_DEBUG_INFO = YES;
				ONLY_ACTIVE_ARCH = YES;
				SDKROOT = iphoneos;
				SWIFT_ACTIVE_COMPILATION_CONDITIONS = DEBUG;
				SWIFT_OPTIMIZATION_LEVEL = "-Onone";
				TARGETED_DEVICE_FAMILY = "1,2";
			};
			name = Debug;
		};
		9752F0451F36E4D500D9272C /* Release */ = {
			isa = XCBuildConfiguration;
			buildSettings = {
				ALWAYS_SEARCH_USER_PATHS = NO;
				CLANG_ANALYZER_NONNULL = YES;
				CLANG_ANALYZER_NUMBER_OBJECT_CONVERSION = YES_AGGRESSIVE;
				CLANG_CXX_LANGUAGE_STANDARD = "gnu++0x";
				CLANG_CXX_LIBRARY = "libc++";
				CLANG_ENABLE_MODULES = YES;
				CLANG_ENABLE_OBJC_ARC = YES;
				CLANG_WARN_BOOL_CONVERSION = YES;
				CLANG_WARN_CONSTANT_CONVERSION = YES;
				CLANG_WARN_DIRECT_OBJC_ISA_USAGE = YES_ERROR;
				CLANG_WARN_DOCUMENTATION_COMMENTS = YES;
				CLANG_WARN_EMPTY_BODY = YES;
				CLANG_WARN_ENUM_CONVERSION = YES;
				CLANG_WARN_INFINITE_RECURSION = YES;
				CLANG_WARN_INT_CONVERSION = YES;
				CLANG_WARN_OBJC_ROOT_CLASS = YES_ERROR;
				CLANG_WARN_SUSPICIOUS_MOVE = YES;
				CLANG_WARN_UNREACHABLE_CODE = YES;
				CLANG_WARN__DUPLICATE_METHOD_MATCH = YES;
				"CODE_SIGN_IDENTITY[sdk=iphoneos*]" = "iPhone Developer";
				COPY_PHASE_STRIP = NO;
				DEBUG_INFORMATION_FORMAT = "dwarf-with-dsym";
				ENABLE_NS_ASSERTIONS = NO;
				ENABLE_STRICT_OBJC_MSGSEND = YES;
				GCC_C_LANGUAGE_STANDARD = gnu99;
				GCC_NO_COMMON_BLOCKS = YES;
				GCC_WARN_64_TO_32_BIT_CONVERSION = YES;
				GCC_WARN_ABOUT_RETURN_TYPE = YES_ERROR;
				GCC_WARN_UNDECLARED_SELECTOR = YES;
				GCC_WARN_UNINITIALIZED_AUTOS = YES_AGGRESSIVE;
				GCC_WARN_UNUSED_FUNCTION = YES;
				GCC_WARN_UNUSED_VARIABLE = YES;
				IPHONEOS_DEPLOYMENT_TARGET = 10.3;
				MTL_ENABLE_DEBUG_INFO = NO;
				SDKROOT = iphoneos;
				SWIFT_OPTIMIZATION_LEVEL = "-Owholemodule";
				TARGETED_DEVICE_FAMILY = "1,2";
				VALIDATE_PRODUCT = YES;
			};
			name = Release;
		};
		9752F0471F36E4D500D9272C /* Debug */ = {
			isa = XCBuildConfiguration;
			buildSettings = {
				ASSETCATALOG_COMPILER_APPICON_NAME = AppIcon;
				DEVELOPMENT_TEAM = J6276Y5UQV;
				INFOPLIST_FILE = LazyColors/Info.plist;
				LD_RUNPATH_SEARCH_PATHS = "$(inherited) @executable_path/Frameworks";
				PRODUCT_BUNDLE_IDENTIFIER = test.LazyColors;
				PRODUCT_NAME = "$(TARGET_NAME)";
				SWIFT_VERSION = 3.0;
			};
			name = Debug;
		};
		9752F0481F36E4D500D9272C /* Release */ = {
			isa = XCBuildConfiguration;
			buildSettings = {
				ASSETCATALOG_COMPILER_APPICON_NAME = AppIcon;
				DEVELOPMENT_TEAM = J6276Y5UQV;
				INFOPLIST_FILE = LazyColors/Info.plist;
				LD_RUNPATH_SEARCH_PATHS = "$(inherited) @executable_path/Frameworks";
				PRODUCT_BUNDLE_IDENTIFIER = test.LazyColors;
				PRODUCT_NAME = "$(TARGET_NAME)";
				SWIFT_VERSION = 3.0;
			};
			name = Release;
		};
		9752F04A1F36E4D500D9272C /* Debug */ = {
			isa = XCBuildConfiguration;
			buildSettings = {
				ALWAYS_EMBED_SWIFT_STANDARD_LIBRARIES = YES;
				BUNDLE_LOADER = "$(TEST_HOST)";
				DEVELOPMENT_TEAM = J6276Y5UQV;
				INFOPLIST_FILE = LazyColorsTests/Info.plist;
				LD_RUNPATH_SEARCH_PATHS = "$(inherited) @executable_path/Frameworks @loader_path/Frameworks";
				PRODUCT_BUNDLE_IDENTIFIER = test.LazyColorsTests;
				PRODUCT_NAME = "$(TARGET_NAME)";
				SWIFT_VERSION = 3.0;
				TEST_HOST = "$(BUILT_PRODUCTS_DIR)/LazyColors.app/LazyColors";
			};
			name = Debug;
		};
		9752F04B1F36E4D500D9272C /* Release */ = {
			isa = XCBuildConfiguration;
			buildSettings = {
				ALWAYS_EMBED_SWIFT_STANDARD_LIBRARIES = YES;
				BUNDLE_LOADER = "$(TEST_HOST)";
				DEVELOPMENT_TEAM = J6276Y5UQV;
				INFOPLIST_FILE = LazyColorsTests/Info.plist;
				LD_RUNPATH_SEARCH_PATHS = "$(inherited) @executable_path/Frameworks @loader_path/Frameworks";
				PRODUCT_BUNDLE_IDENTIFIER = test.LazyColorsTests;
				PRODUCT_NAME = "$(TARGET_NAME)";
				SWIFT_VERSION = 3.0;
				TEST_HOST = "$(BUILT_PRODUCTS_DIR)/LazyColors.app/LazyColors";
			};
			name = Release;
		};
		9752F04D1F36E4D500D9272C /* Debug */ = {
			isa = XCBuildConfiguration;
			buildSettings = {
				ALWAYS_EMBED_SWIFT_STANDARD_LIBRARIES = YES;
				DEVELOPMENT_TEAM = J6276Y5UQV;
				INFOPLIST_FILE = LazyColorsUITests/Info.plist;
				LD_RUNPATH_SEARCH_PATHS = "$(inherited) @executable_path/Frameworks @loader_path/Frameworks";
				PRODUCT_BUNDLE_IDENTIFIER = test.LazyColorsUITests;
				PRODUCT_NAME = "$(TARGET_NAME)";
				SWIFT_VERSION = 3.0;
				TEST_TARGET_NAME = LazyColors;
			};
			name = Debug;
		};
		9752F04E1F36E4D500D9272C /* Release */ = {
			isa = XCBuildConfiguration;
			buildSettings = {
				ALWAYS_EMBED_SWIFT_STANDARD_LIBRARIES = YES;
				DEVELOPMENT_TEAM = J6276Y5UQV;
				INFOPLIST_FILE = LazyColorsUITests/Info.plist;
				LD_RUNPATH_SEARCH_PATHS = "$(inherited) @executable_path/Frameworks @loader_path/Frameworks";
				PRODUCT_BUNDLE_IDENTIFIER = test.LazyColorsUITests;
				PRODUCT_NAME = "$(TARGET_NAME)";
				SWIFT_VERSION = 3.0;
				TEST_TARGET_NAME = LazyColors;
			};
			name = Release;
		};
/* End XCBuildConfiguration section */

/* Begin XCConfigurationList section */
		9752F0191F36E4D500D9272C /* Build configuration list for PBXProject "LazyColors" */ = {
			isa = XCConfigurationList;
			buildConfigurations = (
				9752F0441F36E4D500D9272C /* Debug */,
				9752F0451F36E4D500D9272C /* Release */,
			);
			defaultConfigurationIsVisible = 0;
			defaultConfigurationName = Release;
		};
		9752F0461F36E4D500D9272C /* Build configuration list for PBXNativeTarget "LazyColors" */ = {
			isa = XCConfigurationList;
			buildConfigurations = (
				9752F0471F36E4D500D9272C /* Debug */,
				9752F0481F36E4D500D9272C /* Release */,
			);
			defaultConfigurationIsVisible = 0;
			defaultConfigurationName = Release;
		};
		9752F0491F36E4D500D9272C /* Build configuration list for PBXNativeTarget "LazyColorsTests" */ = {
			isa = XCConfigurationList;
			buildConfigurations = (
				9752F04A1F36E4D500D9272C /* Debug */,
				9752F04B1F36E4D500D9272C /* Release */,
			);
			defaultConfigurationIsVisible = 0;
			defaultConfigurationName = Release;
		};
		9752F04C1F36E4D500D9272C /* Build configuration list for PBXNativeTarget "LazyColorsUITests" */ = {
			isa = XCConfigurationList;
			buildConfigurations = (
				9752F04D1F36E4D500D9272C /* Debug */,
				9752F04E1F36E4D500D9272C /* Release */,
			);
			defaultConfigurationIsVisible = 0;
			defaultConfigurationName = Release;
		};
/* End XCConfigurationList section */
	};
	rootObject = 9752F0161F36E4D500D9272C /* Project object */;
}
